
Microsoft Visual Studio Solution File, Format Version 12.00
# Visual Studio Version 17
VisualStudioVersion = 17.4.33213.308
MinimumVisualStudioVersion = 10.0.40219.1
Project("{FAE04EC0-301F-11D3-BF4B-00C04F79EFBC}") = "Kellogg_linkedList", "Kellogg_linkedList\Kellogg_linkedList.csproj", "{08B91E95-187E-454B-A3E5-187A984F892D}"
EndProject
Global
	GlobalSection(SolutionConfigurationPlatforms) = preSolution
		Debug|Any CPU = Debug|Any CPU
		Release|Any CPU = Release|Any CPU
	EndGlobalSection
	GlobalSection(ProjectConfigurationPlatforms) = postSolution
		{08B91E95-187E-454B-A3E5-187A984F892D}.Debug|Any CPU.ActiveCfg = Debug|Any CPU
		{08B91E95-187E-454B-A3E5-187A984F892D}.Debug|Any CPU.Build.0 = Debug|Any CPU
		{08B91E95-187E-454B-A3E5-187A984F892D}.Release|Any CPU.ActiveCfg = Release|Any CPU
		{08B91E95-187E-454B-A3E5-187A984F892D}.Release|Any CPU.Build.0 = Release|Any CPU
	EndGlobalSection
	GlobalSection(SolutionProperties) = preSolution
		HideSolutionNode = FALSE
	EndGlobalSection
	GlobalSection(ExtensibilityGlobals) = postSolution
		SolutionGuid = {1026E9CB-4C3A-4662-BC30-E13311AB141D}
	EndGlobalSection
EndGlobal
